{
  "name": "add",
  "version": "1.0.0",
  "lockfileVersion": 3,
  "requires": true,
  "packages": {
    "": {
      "name": "add",
      "version": "1.0.0",
      "license": "ISC",
      "dependencies": {
        "lion-lib-90-987": "^1.0.0"
      }
    },
    "node_modules/lion-lib-90-987": {
      "version": "1.0.0",
      "resolved": "https://registry.npmjs.org/lion-lib-90-987/-/lion-lib-90-987-1.0.0.tgz",
      "integrity": "sha512-6j48jTIY1Qa0v46csrwOUYNPNcf3ERntX+mhcb0ubcP+bXqacTvFM09RX5XHGOcDNDdwwzoUQqbDrz6jNbBXQg==",
      "license": "ISC"
    }
  }
}
